{
  "name": "test-cjs",
  "version": "0.0.0",
  "lockfileVersion": 3,
  "requires": true,
  "packages": {
    "": {
      "name": "test-cjs",
      "version": "0.0.0",
      "dependencies": {
        "@cfdi/2json": "4.0.13",
        "@cfdi/catalogos": "4.0.15",
        "@cfdi/complementos": "4.0.16",
        "@cfdi/csd": "4.0.15",
        "@cfdi/csf": "4.0.15",
        "@cfdi/elements": "4.0.13",
        "@cfdi/expresiones": "4.0.13",
        "@cfdi/rfc": "0.0.10",
        "@cfdi/transform": "4.0.13",
        "@cfdi/types": "4.0.13",
        "@cfdi/utils": "4.0.16",
        "@cfdi/xml": "4.0.17",
        "@cfdi/xsd": "4.0.16",
        "@clir/openssl": "0.0.16",
        "@saxon-he/cli": "12.5.1"
      }
    },
    "node_modules/@cfdi/2json": {
      "version": "4.0.13",
      "resolved": "https://registry.npmjs.org/@cfdi/2json/-/2json-4.0.13.tgz",
      "integrity": "sha512-Z4pKLkAmHc5q0hmiwxqRomMIn/Y7Vo0MnJDYni/tkl1t8v6omCVYYEoOVEDfYeTY8n5p7txjgKjM27xwSlje4A==",
      "license": "MIT",
      "dependencies": {
        "@cfdi/elements": "4.0.13",
        "@cfdi/types": "4.0.13",
        "@cfdi/utils": "4.0.16",
        "xml-js": "^1.6.11"
      },
      "engines": {
        "node": ">=10"
      }
    },
    "node_modules/@cfdi/catalogos": {
      "version": "4.0.15",
      "resolved": "https://registry.npmjs.org/@cfdi/catalogos/-/catalogos-4.0.15.tgz",
      "integrity": "sha512-C+b6RXsfJpj2enU7Vgk3HMhFwSGaj/lMYwBoa1JieMOtgehE/6JOrC/WAcV8lBz+603Be7DqqZZMZoLBbu8Nkg==",
      "license": "MIT",
      "engines": {
        "node": ">=10"
      }
    },
    "node_modules/@cfdi/complementos": {
      "version": "4.0.16",
      "resolved": "https://registry.npmjs.org/@cfdi/complementos/-/complementos-4.0.16.tgz",
      "integrity": "sha512-C4JdkH2TokhwWj5FxTQ7sZ8bsfsXo70OvSWGe+GdeqxEF7GnGieGvU2nrOI20HQMnv6r20HOUKEEceo5YZaNVw==",
      "license": "MIT",
      "dependencies": {
        "xml-js": "^1.6.11"
      },
      "engines": {
        "node": ">=10"
      }
    },
    "node_modules/@cfdi/csd": {
      "version": "4.0.15",
      "resolved": "https://registry.npmjs.org/@cfdi/csd/-/csd-4.0.15.tgz",
      "integrity": "sha512-k4bfZujdhmBeL8FeJ9svp2j+qpbWd8hAQSy4fku0004cUysaUjC6yq29wAQnBE+RX6H6ai9z4fitOOyIxvhvqg==",
      "license": "MIT",
      "dependencies": {
        "@clir/openssl": "0.0.16",
        "curp": "^1.2.0",
        "moment": "^2.29.4",
        "node-forge": "^1.3.1",
        "validate-rfc": "^2.0.2"
      },
      "engines": {
        "node": ">=10"
      }
    },
    "node_modules/@cfdi/csf": {
      "version": "4.0.15",
      "resolved": "https://registry.npmjs.org/@cfdi/csf/-/csf-4.0.15.tgz",
      "integrity": "sha512-5lhlGdojtAnEQ9Fsss70VijIjd5ytbZCDiCiRMBZq/vsIlG2IHTN7+Ts46vU04/g8wTv23+WyPkEvs9agqH1Ig==",
      "license": "MIT",
      "dependencies": {
        "pdf-parse": "^1.1.1",
        "xml-js": "^1.6.11"
      },
      "engines": {
        "node": ">=10"
      }
    },
    "node_modules/@cfdi/elements": {
      "version": "4.0.13",
      "resolved": "https://registry.npmjs.org/@cfdi/elements/-/elements-4.0.13.tgz",
      "integrity": "sha512-2jVPPnTqu407KcWIExnXabGQNpoNn4qT+QDBIWtYX6q611wPGVA6KZjTNhPpDWURufatHMdm689t09HEHKSQXg==",
      "license": "MIT",
      "dependencies": {
        "@cfdi/catalogos": "4.0.15",
        "@cfdi/complementos": "4.0.15",
        "@cfdi/csd": "4.0.15",
        "@cfdi/xsd": "4.0.15",
        "@saxon-he/cli": "12.5.1",
        "xml-js": "^1.6.11"
      },
      "engines": {
        "node": ">=10"
      }
    },
    "node_modules/@cfdi/elements/node_modules/@cfdi/complementos": {
      "version": "4.0.15",
      "resolved": "https://registry.npmjs.org/@cfdi/complementos/-/complementos-4.0.15.tgz",
      "integrity": "sha512-1wOgCoRfLwPuSEql/xhiUX8g9XqKh2LowXWRdop8Bxlxm2bW+zaOmMMr92htMOpl0q9d/vlCVIweilV9NYozdg==",
      "license": "MIT",
      "dependencies": {
        "xml-js": "^1.6.11"
      },
      "engines": {
        "node": ">=10"
      }
    },
    "node_modules/@cfdi/elements/node_modules/@cfdi/xsd": {
      "version": "4.0.15",
      "resolved": "https://registry.npmjs.org/@cfdi/xsd/-/xsd-4.0.15.tgz",
      "integrity": "sha512-AzRdA8tiDptTPfX9CzpVEcD6mwaVSd06Jhex7xoB1nuG+E9IayHrAtFEy1dmwtjOVRIYBA3VfXj5VqBtm2c2rw==",
      "license": "MIT",
      "dependencies": {
        "ajv": "^8.12.0",
        "xml-js": "^1.6.11",
        "xslt": "^0.9.1",
        "xslt-processor": "^0.11.7"
      },
      "engines": {
        "node": ">=10"
      }
    },
    "node_modules/@cfdi/expresiones": {
      "version": "4.0.13",
      "resolved": "https://registry.npmjs.org/@cfdi/expresiones/-/expresiones-4.0.13.tgz",
      "integrity": "sha512-4Wqb8ii7q6igRhjVzPBijPXaOfp24LgOL6lfS7wwvZkN6a+IUd1/30/FPnqvCUUFwR9RzjgW7uBv9bx06oL5IA==",
      "license": "MIT",
      "dependencies": {
        "xml-js": "^1.6.11"
      },
      "engines": {
        "node": ">=10"
      }
    },
    "node_modules/@cfdi/rfc": {
      "version": "0.0.10",
      "resolved": "https://registry.npmjs.org/@cfdi/rfc/-/rfc-0.0.10.tgz",
      "integrity": "sha512-zGgjewfrLfmda5qL8J1rRUbJvP/dqhn5ymxVY4anaY+4UJyUYD/eDYoUjd43NPcqPROlGY8K5q6hv80qc7Ts5A==",
      "license": "MIT",
      "engines": {
        "node": ">=10"
      }
    },
    "node_modules/@cfdi/transform": {
      "version": "4.0.13",
      "resolved": "https://registry.npmjs.org/@cfdi/transform/-/transform-4.0.13.tgz",
      "integrity": "sha512-VcyO9W9mJ80w51xcg/Eyg/M3Wnkand2db34t/KFN/XyhXaLBuGosNS2Nd1xriWAWEpX+wUwU4PI/Wf84kP1L5A==",
      "license": "MIT",
      "dependencies": {
        "xml-js": "^1.6.11"
      },
      "engines": {
        "node": ">=10"
      }
    },
    "node_modules/@cfdi/types": {
      "version": "4.0.13",
      "resolved": "https://registry.npmjs.org/@cfdi/types/-/types-4.0.13.tgz",
      "integrity": "sha512-bXIXlkmZfWyGfR+EQpVejcwztE4yBfmeDURuW4c+89qjoNkBTogZ8Prggoup9IQOdAzdFOtRY1Thj9JIqigfNA==",
      "license": "MIT",
      "dependencies": {
        "@cfdi/catalogos": "4.0.15",
        "@cfdi/complementos": "4.0.15",
        "@cfdi/csd": "4.0.15",
        "@cfdi/xsd": "4.0.15",
        "@saxon-he/cli": "12.5.1",
        "xml-js": "^1.6.11"
      },
      "engines": {
        "node": ">=10"
      }
    },
    "node_modules/@cfdi/types/node_modules/@cfdi/complementos": {
      "version": "4.0.15",
      "resolved": "https://registry.npmjs.org/@cfdi/complementos/-/complementos-4.0.15.tgz",
      "integrity": "sha512-1wOgCoRfLwPuSEql/xhiUX8g9XqKh2LowXWRdop8Bxlxm2bW+zaOmMMr92htMOpl0q9d/vlCVIweilV9NYozdg==",
      "license": "MIT",
      "dependencies": {
        "xml-js": "^1.6.11"
      },
      "engines": {
        "node": ">=10"
      }
    },
    "node_modules/@cfdi/types/node_modules/@cfdi/xsd": {
      "version": "4.0.15",
      "resolved": "https://registry.npmjs.org/@cfdi/xsd/-/xsd-4.0.15.tgz",
      "integrity": "sha512-AzRdA8tiDptTPfX9CzpVEcD6mwaVSd06Jhex7xoB1nuG+E9IayHrAtFEy1dmwtjOVRIYBA3VfXj5VqBtm2c2rw==",
      "license": "MIT",
      "dependencies": {
        "ajv": "^8.12.0",
        "xml-js": "^1.6.11",
        "xslt": "^0.9.1",
        "xslt-processor": "^0.11.7"
      },
      "engines": {
        "node": ">=10"
      }
    },
    "node_modules/@cfdi/utils": {
      "version": "4.0.16",
      "resolved": "https://registry.npmjs.org/@cfdi/utils/-/utils-4.0.16.tgz",
      "integrity": "sha512-QYbDGK7AJcEKyZeJDiqjpt+egFuuW/5ckRp3WSznF9I3VojwbvlL2GI/3nBazRLCHYZxSMZkmm2ErEqkgI05Aw==",
      "license": "MIT",
      "dependencies": {
        "xml-js": "^1.6.11"
      },
      "engines": {
        "node": ">=10"
      }
    },
    "node_modules/@cfdi/xml": {
      "version": "4.0.17",
      "resolved": "https://registry.npmjs.org/@cfdi/xml/-/xml-4.0.17.tgz",
      "integrity": "sha512-/09ILXndVQolwluwK39uPe6jr1SFVwQToxH2BAcmhONP3BYsd0ryV9nDjNn0yclZWaiP8o7712DJFkjlXRvYLQ==",
      "license": "MIT",
      "dependencies": {
        "@cfdi/catalogos": "4.0.15",
        "@cfdi/complementos": "4.0.16",
        "@cfdi/csd": "4.0.15",
        "@cfdi/xsd": "4.0.16",
        "@saxon-he/cli": "12.5.1",
        "xml-js": "^1.6.11"
      },
      "engines": {
        "node": ">=10"
      }
    },
    "node_modules/@cfdi/xsd": {
      "version": "4.0.16",
      "resolved": "https://registry.npmjs.org/@cfdi/xsd/-/xsd-4.0.16.tgz",
      "integrity": "sha512-hi12PuGAGWEm6md5YG8ChleUipj3mYrsUVnD7Seuw/2zXeopwcRiW7F8M4oBE1qImuto+CbHzuCq6qN5ZTy9EA==",
      "license": "MIT",
      "dependencies": {
        "ajv": "^8.12.0",
        "xml-js": "^1.6.11",
        "xslt": "^0.9.1",
        "xslt-processor": "^0.11.7"
      },
      "engines": {
        "node": ">=10"
      }
    },
    "node_modules/@clir/openssl": {
      "version": "0.0.16",
      "resolved": "https://registry.npmjs.org/@clir/openssl/-/openssl-0.0.16.tgz",
      "integrity": "sha512-LgXVIW0aLctlwJWxw6NAhNnzPNZfR0PUqXnsRb3KV/dALqI4M0GpPhwovnYN4eoy0VtWAK0BjM40greyjGVWxQ==",
      "license": "MIT",
      "dependencies": {
        "@esm2cjs/execa": "^6.1.1-cjs.1",
        "moment": "^2.29.4",
        "node-forge": "^1.3.1"
      },
      "engines": {
        "node": ">=10"
      }
    },
    "node_modules/@esm2cjs/execa": {
      "version": "6.1.1-cjs.1",
      "resolved": "https://registry.npmjs.org/@esm2cjs/execa/-/execa-6.1.1-cjs.1.tgz",
      "integrity": "sha512-FHxfnmuDIjY1VS/BLzDkL8EkbcFvi8s6x1nYQ1Nyu0An0n88EJcGhDBcRWLFwt3C3nT7xwI+MwHRH1TZcAFW2w==",
      "license": "MIT",
      "dependencies": {
        "@esm2cjs/human-signals": "^3.0.1",
        "@esm2cjs/is-stream": "^3.0.0",
        "@esm2cjs/npm-run-path": "^5.1.1-cjs.0",
        "@esm2cjs/onetime": "^6.0.1-cjs.0",
        "@esm2cjs/strip-final-newline": "^3.0.1-cjs.0",
        "cross-spawn": "^7.0.3",
        "get-stream": "^6.0.1",
        "merge-stream": "^2.0.0",
        "signal-exit": "^3.0.7"
      },
      "engines": {
        "node": "^12.20.0 || ^14.13.1 || >=16.0.0"
      },
      "funding": {
        "url": "https://github.com/sponsors/AlCalzone"
      }
    },
    "node_modules/@esm2cjs/human-signals": {
      "version": "3.0.1",
      "resolved": "https://registry.npmjs.org/@esm2cjs/human-signals/-/human-signals-3.0.1.tgz",
      "integrity": "sha512-QZme4eF/PwTpeSbMB4AaWGQ4VSygzE30jI+Oas1NPTtZQAgcHwWVDOQpIW8FUmtzn5Q+2cS7AjnTzbtqtc5P6g==",
      "license": "Apache-2.0",
      "engines": {
        "node": ">=12.20.0"
      },
      "funding": {
        "url": "https://github.com/sponsors/AlCalzone"
      }
    },
    "node_modules/@esm2cjs/is-stream": {
      "version": "3.0.0",
      "resolved": "https://registry.npmjs.org/@esm2cjs/is-stream/-/is-stream-3.0.0.tgz",
      "integrity": "sha512-qcBscHlJpZFOD5nnmMHkzOrq2xyvsp9fbVreQLS8x2LOs8N3CrNi3fqvFY0GVJR+YSOHscwhG9T5t4Ck7R7QGw==",
      "license": "MIT",
      "engines": {
        "node": "^12.20.0 || ^14.13.1 || >=16.0.0"
      },
      "funding": {
        "url": "https://github.com/sponsors/AlCalzone"
      }
    },
    "node_modules/@esm2cjs/mimic-fn": {
      "version": "4.0.0",
      "resolved": "https://registry.npmjs.org/@esm2cjs/mimic-fn/-/mimic-fn-4.0.0.tgz",
      "integrity": "sha512-LIIAjcpjLr4rcbYmRQ+eRu55Upy/MMB78seIlwqbnyiA+cTa1/pxWnJ1NHJQrw6tx2wMQmlYoJj+wf16NjWH6Q==",
      "license": "MIT",
      "engines": {
        "node": ">=12"
      },
      "funding": {
        "url": "https://github.com/sponsors/AlCalzone"
      }
    },
    "node_modules/@esm2cjs/npm-run-path": {
      "version": "5.1.1-cjs.0",
      "resolved": "https://registry.npmjs.org/@esm2cjs/npm-run-path/-/npm-run-path-5.1.1-cjs.0.tgz",
      "integrity": "sha512-CWeAIyE8iNSCgP2ItPE8iPgS+lACqgH+MuFRaWOIl2T7hnHqPFfhAJJ/LcLJJ/RMIxNMeenjFMwc91HW7NWr1A==",
      "license": "MIT",
      "dependencies": {
        "@esm2cjs/path-key": "^4.0.0"
      },
      "engines": {
        "node": "^12.20.0 || ^14.13.1 || >=16.0.0"
      },
      "funding": {
        "url": "https://github.com/sponsors/AlCalzone"
      }
    },
    "node_modules/@esm2cjs/onetime": {
      "version": "6.0.1-cjs.0",
      "resolved": "https://registry.npmjs.org/@esm2cjs/onetime/-/onetime-6.0.1-cjs.0.tgz",
      "integrity": "sha512-MkZMZSxrSC/6yUuAw6Azc56XOgwHQQIsNDlO/zgFmOcycJBhRwRuc/gdYUUOFNZIh7y+f0JSIxkNdJPFvJ5W0w==",
      "license": "MIT",
      "dependencies": {
        "@esm2cjs/mimic-fn": "^4.0.0"
      },
      "engines": {
        "node": ">=12"
      },
      "funding": {
        "url": "https://github.com/sponsors/AlCalzone"
      }
    },
    "node_modules/@esm2cjs/path-key": {
      "version": "4.0.0",
      "resolved": "https://registry.npmjs.org/@esm2cjs/path-key/-/path-key-4.0.0.tgz",
      "integrity": "sha512-fKzZ3uIIP4j+7WfyG0MEkomGHL0hUXWCx1kY2Zct3GTdl4pyY+3k5lCUxjgdDa2Ld1BCjMNorXnRHiBP6jW6CQ==",
      "license": "MIT",
      "engines": {
        "node": ">=12"
      },
      "funding": {
        "url": "https://github.com/sponsors/AlCalzone"
      }
    },
    "node_modules/@esm2cjs/strip-final-newline": {
      "version": "3.0.1-cjs.0",
      "resolved": "https://registry.npmjs.org/@esm2cjs/strip-final-newline/-/strip-final-newline-3.0.1-cjs.0.tgz",
      "integrity": "sha512-o41riCGPiOEStayoikBCAqwa6igbv9L9rP+k5UCfQ24EJD/wGrdDs/KTNwkHG5JzDK3T60D5dMkWkLKEPy8gjA==",
      "license": "MIT",
      "engines": {
        "node": ">=12"
      },
      "funding": {
        "url": "https://github.com/sponsors/AlCalzone"
      }
    },
    "node_modules/@saxon-he/cli": {
      "version": "12.5.1",
      "resolved": "https://registry.npmjs.org/@saxon-he/cli/-/cli-12.5.1.tgz",
      "integrity": "sha512-j4wZxRVlpe0v//nGMPctiW/ZQmgp1I51pOWsjZmgwzrA8Fc7gQhARI6rZojmb+ne3iWudseq896dVc1HsHqTCA==",
      "license": "MIT",
      "dependencies": {
        "@esm2cjs/execa": "^6.1.1-cjs.1"
      },
      "engines": {
        "node": ">=10"
      }
    },
    "node_modules/ajv": {
      "version": "8.18.0",
      "resolved": "https://registry.npmjs.org/ajv/-/ajv-8.18.0.tgz",
      "integrity": "sha512-PlXPeEWMXMZ7sPYOHqmDyCJzcfNrUr3fGNKtezX14ykXOEIvyK81d+qydx89KY5O71FKMPaQ2vBfBFI5NHR63A==",
      "license": "MIT",
      "dependencies": {
        "fast-deep-equal": "^3.1.3",
        "fast-uri": "^3.0.1",
        "json-schema-traverse": "^1.0.0",
        "require-from-string": "^2.0.2"
      },
      "funding": {
        "type": "github",
        "url": "https://github.com/sponsors/epoberezkin"
      }
    },
    "node_modules/cross-spawn": {
      "version": "7.0.6",
      "resolved": "https://registry.npmjs.org/cross-spawn/-/cross-spawn-7.0.6.tgz",
      "integrity": "sha512-uV2QOWP2nWzsy2aMp8aRibhi9dlzF5Hgh5SHaB9OiTGEyDTiJJyx0uy51QXdyWbtAHNua4XJzUKca3OzKUd3vA==",
      "license": "MIT",
      "dependencies": {
        "path-key": "^3.1.0",
        "shebang-command": "^2.0.0",
        "which": "^2.0.1"
      },
      "engines": {
        "node": ">= 8"
      }
    },
    "node_modules/curp": {
      "version": "1.3.1",
      "resolved": "https://registry.npmjs.org/curp/-/curp-1.3.1.tgz",
      "integrity": "sha512-DoUGrXK7qe6qnSgumTGa9yULrMJy/1Npsgt0LkGkjWXfL/xVyJPcAQgyEJpNaJQjOlCvdEZWJ2K9vNlTmYrHHw==",
      "license": "GPL-3.0",
      "engines": {
        "npm": ">= 8.0.0"
      }
    },
    "node_modules/fast-deep-equal": {
      "version": "3.1.3",
      "resolved": "https://registry.npmjs.org/fast-deep-equal/-/fast-deep-equal-3.1.3.tgz",
      "integrity": "sha512-f3qQ9oQy9j2AhBe/H9VC91wLmKBCCU/gDOnKNAYG5hswO7BLKj09Hc5HYNz9cGI++xlpDCIgDaitVs03ATR84Q==",
      "license": "MIT"
    },
    "node_modules/fast-uri": {
      "version": "3.1.0",
      "resolved": "https://registry.npmjs.org/fast-uri/-/fast-uri-3.1.0.tgz",
      "integrity": "sha512-iPeeDKJSWf4IEOasVVrknXpaBV0IApz/gp7S2bb7Z4Lljbl2MGJRqInZiUrQwV16cpzw/D3S5j5Julj/gT52AA==",
      "funding": [
        {
          "type": "github",
          "url": "https://github.com/sponsors/fastify"
        },
        {
          "type": "opencollective",
          "url": "https://opencollective.com/fastify"
        }
      ],
      "license": "BSD-3-Clause"
    },
    "node_modules/get-stream": {
      "version": "6.0.1",
      "resolved": "https://registry.npmjs.org/get-stream/-/get-stream-6.0.1.tgz",
      "integrity": "sha512-ts6Wi+2j3jQjqi70w5AlN8DFnkSwC+MqmxEzdEALB2qXZYV3X/b1CTfgPLGJNMeAWxdPfU8FO1ms3NUfaHCPYg==",
      "license": "MIT",
      "engines": {
        "node": ">=10"
      },
      "funding": {
        "url": "https://github.com/sponsors/sindresorhus"
      }
    },
    "node_modules/he": {
      "version": "1.2.0",
      "resolved": "https://registry.npmjs.org/he/-/he-1.2.0.tgz",
      "integrity": "sha512-F/1DnUGPopORZi0ni+CvrCgHQ5FyEAHRLSApuYWMmrbSwoN2Mn/7k+Gl38gJnR7yyDZk6WLXwiGod1JOWNDKGw==",
      "license": "MIT",
      "bin": {
        "he": "bin/he"
      }
    },
    "node_modules/isexe": {
      "version": "2.0.0",
      "resolved": "https://registry.npmjs.org/isexe/-/isexe-2.0.0.tgz",
      "integrity": "sha512-RHxMLp9lnKHGHRng9QFhRCMbYAcVpn69smSGcq3f36xjgVVWThj4qqLbTLlq7Ssj8B+fIQ1EuCEGI2lKsyQeIw==",
      "license": "ISC"
    },
    "node_modules/json-schema-traverse": {
      "version": "1.0.0",
      "resolved": "https://registry.npmjs.org/json-schema-traverse/-/json-schema-traverse-1.0.0.tgz",
      "integrity": "sha512-NM8/P9n3XjXhIZn1lLhkFaACTOURQXjWhV4BA/RnOv8xvgqtqpAX9IO4mRQxSx1Rlo4tqzeqb0sOlruaOy3dug==",
      "license": "MIT"
    },
    "node_modules/merge-stream": {
      "version": "2.0.0",
      "resolved": "https://registry.npmjs.org/merge-stream/-/merge-stream-2.0.0.tgz",
      "integrity": "sha512-abv/qOcuPfk3URPfDzmZU1LKmuw8kT+0nIHvKrKgFrwifol/doWcdA4ZqsWQ8ENrFKkd67Mfpo/LovbIUsbt3w==",
      "license": "MIT"
    },
    "node_modules/moment": {
      "version": "2.30.1",
      "resolved": "https://registry.npmjs.org/moment/-/moment-2.30.1.tgz",
      "integrity": "sha512-uEmtNhbDOrWPFS+hdjFCBfy9f2YoyzRpwcl+DqpC6taX21FzsTLQVbMV/W7PzNSX6x/bhC1zA3c2UQ5NzH6how==",
      "license": "MIT",
      "engines": {
        "node": "*"
      }
    },
    "node_modules/node-ensure": {
      "version": "0.0.0",
      "resolved": "https://registry.npmjs.org/node-ensure/-/node-ensure-0.0.0.tgz",
      "integrity": "sha512-DRI60hzo2oKN1ma0ckc6nQWlHU69RH6xN0sjQTjMpChPfTYvKZdcQFfdYK2RWbJcKyUizSIy/l8OTGxMAM1QDw==",
      "license": "MIT"
    },
    "node_modules/node-forge": {
      "version": "1.4.0",
      "resolved": "https://registry.npmjs.org/node-forge/-/node-forge-1.4.0.tgz",
      "integrity": "sha512-LarFH0+6VfriEhqMMcLX2F7SwSXeWwnEAJEsYm5QKWchiVYVvJyV9v7UDvUv+w5HO23ZpQTXDv/GxdDdMyOuoQ==",
      "license": "(BSD-3-Clause OR GPL-2.0)",
      "engines": {
        "node": ">= 6.13.0"
      }
    },
    "node_modules/path-key": {
      "version": "3.1.1",
      "resolved": "https://registry.npmjs.org/path-key/-/path-key-3.1.1.tgz",
      "integrity": "sha512-ojmeN0qd+y0jszEtoY48r0Peq5dwMEkIlCOu6Q5f41lfkswXuKtYrhgoTpLnyIcHm24Uhqx+5Tqm2InSwLhE6Q==",
      "license": "MIT",
      "engines": {
        "node": ">=8"
      }
    },
    "node_modules/pdf-parse": {
      "version": "1.1.4",
      "resolved": "https://registry.npmjs.org/pdf-parse/-/pdf-parse-1.1.4.tgz",
      "integrity": "sha512-XRIRcLgk6ZnUbsHsYXExMw+krrPE81hJ6FQPLdBNhhBefqIQKXu/WeTgNBGSwPrfU0v+UCEwn7AoAUOsVKHFvQ==",
      "license": "MIT",
      "dependencies": {
        "node-ensure": "^0.0.0"
      },
      "engines": {
        "node": ">=6.8.1"
      },
      "funding": {
        "type": "github",
        "url": "https://github.com/sponsors/mehmet-kozan"
      }
    },
    "node_modules/require-from-string": {
      "version": "2.0.2",
      "resolved": "https://registry.npmjs.org/require-from-string/-/require-from-string-2.0.2.tgz",
      "integrity": "sha512-Xf0nWe6RseziFMu+Ap9biiUbmplq6S9/p+7w7YXP/JBHhrUDDUhwa+vANyubuqfZWTveU//DYVGsDG7RKL/vEw==",
      "license": "MIT",
      "engines": {
        "node": ">=0.10.0"
      }
    },
    "node_modules/sax": {
      "version": "1.6.0",
      "resolved": "https://registry.npmjs.org/sax/-/sax-1.6.0.tgz",
      "integrity": "sha512-6R3J5M4AcbtLUdZmRv2SygeVaM7IhrLXu9BmnOGmmACak8fiUtOsYNWUS4uK7upbmHIBbLBeFeI//477BKLBzA==",
      "license": "BlueOak-1.0.0",
      "engines": {
        "node": ">=11.0.0"
      }
    },
    "node_modules/shebang-command": {
      "version": "2.0.0",
      "resolved": "https://registry.npmjs.org/shebang-command/-/shebang-command-2.0.0.tgz",
      "integrity": "sha512-kHxr2zZpYtdmrN1qDjrrX/Z1rR1kG8Dx+gkpK1G4eXmvXswmcE1hTWBWYUzlraYw1/yZp6YuDY77YtvbN0dmDA==",
      "license": "MIT",
      "dependencies": {
        "shebang-regex": "^3.0.0"
      },
      "engines": {
        "node": ">=8"
      }
    },
    "node_modules/shebang-regex": {
      "version": "3.0.0",
      "resolved": "https://registry.npmjs.org/shebang-regex/-/shebang-regex-3.0.0.tgz",
      "integrity": "sha512-7++dFhtcx3353uBaq8DDR4NuxBetBzC7ZQOhmTQInHEd6bSrXdiEyzCvG07Z44UYdLShWUyXt5M/yhz8ekcb1A==",
      "license": "MIT",
      "engines": {
        "node": ">=8"
      }
    },
    "node_modules/signal-exit": {
      "version": "3.0.7",
      "resolved": "https://registry.npmjs.org/signal-exit/-/signal-exit-3.0.7.tgz",
      "integrity": "sha512-wnD2ZE+l+SPC/uoS0vXeE9L1+0wuaMqKlfz9AMUo38JsyLSBWSFcHR1Rri62LZc12vLr1gb3jl7iwQhgwpAbGQ==",
      "license": "ISC"
    },
    "node_modules/validate-rfc": {
      "version": "2.0.3",
      "resolved": "https://registry.npmjs.org/validate-rfc/-/validate-rfc-2.0.3.tgz",
      "integrity": "sha512-WS7CyAz/sfzx6DryOPZvprqz7uxHcQh1yhzDunNX1vidSmprfN7Og66VRpCyU21U82Vzkof5/bOIOKan3dEXLA==",
      "license": "MIT"
    },
    "node_modules/which": {
      "version": "2.0.2",
      "resolved": "https://registry.npmjs.org/which/-/which-2.0.2.tgz",
      "integrity": "sha512-BLI3Tl1TW3Pvl70l3yq3Y64i+awpwXqsGBYWkkqMtnbXgrMD+yj7rhW0kuEDxzJaYXGjEW5ogapKNMEKNMjibA==",
      "license": "ISC",
      "dependencies": {
        "isexe": "^2.0.0"
      },
      "bin": {
        "node-which": "bin/node-which"
      },
      "engines": {
        "node": ">= 8"
      }
    },
    "node_modules/xml-js": {
      "version": "1.6.11",
      "resolved": "https://registry.npmjs.org/xml-js/-/xml-js-1.6.11.tgz",
      "integrity": "sha512-7rVi2KMfwfWFl+GpPg6m80IVMWXLRjO+PxTq7V2CDhoGak0wzYzFgUY2m4XJ47OGdXd8eLE8EmwfAmdjw7lC1g==",
      "license": "MIT",
      "dependencies": {
        "sax": "^1.2.4"
      },
      "bin": {
        "xml-js": "bin/cli.js"
      }
    },
    "node_modules/xslt": {
      "version": "0.9.1",
      "resolved": "https://registry.npmjs.org/xslt/-/xslt-0.9.1.tgz",
      "integrity": "sha512-2eFkaiFRVkVzedBKYv3MUYmvvK9103NTNFGsyFhLim0Pad0q5yXp2j9tQM2lFW1gFr9fSXV70RRrdcRM7YdRcg==",
      "license": "MIT",
      "engines": {
        "node": ">=0.10.33"
      }
    },
    "node_modules/xslt-processor": {
      "version": "0.11.7",
      "resolved": "https://registry.npmjs.org/xslt-processor/-/xslt-processor-0.11.7.tgz",
      "integrity": "sha512-66vcLzwSP4dAvzm4O+Lq20Su03ckrGaYn1kbdCNDp9HaaBZgHJJNZlrVSkvfEuKNvqd4wk9XGU5Rvi+eUJqf+w==",
      "license": "LGPL-3.0",
      "dependencies": {
        "he": "^1.2.0"
      }
    }
  }
}
